
Microsoft Visual Studio Solution File, Format Version 12.00
# Visual Studio Version 17
VisualStudioVersion = 17.0.31903.59
MinimumVisualStudioVersion = 10.0.40219.1
Project("{FAE04EC0-301F-11D3-BF4B-00C04F79EFBC}") = "jet-store.Domain", "jet-store.Domain\jet-store.Domain.csproj", "{8A32B8DA-641D-42AD-84FE-8066F51CF478}"
EndProject
Project("{FAE04EC0-301F-11D3-BF4B-00C04F79EFBC}") = "jet-store.Application", "jet-store.Application\jet-store.Application.csproj", "{BE54422F-E0E4-48CC-AAB9-7666A950C6A8}"
EndProject
Project("{FAE04EC0-301F-11D3-BF4B-00C04F79EFBC}") = "jet-store.Infra.Data", "jet-store.Infra.Data\jet-store.Infra.Data.csproj", "{11164B1A-1600-45BA-AA96-FD6A05D9B151}"
EndProject
Project("{FAE04EC0-301F-11D3-BF4B-00C04F79EFBC}") = "jet-store.Infra.IoC", "jet-store.Infra.IoC\jet-store.Infra.IoC.csproj", "{A63E0B8E-D5BD-41EC-AB8B-423BC51FCF81}"
EndProject
Project("{FAE04EC0-301F-11D3-BF4B-00C04F79EFBC}") = "jet-store.Api", "jet-store.Api\jet-store.Api.csproj", "{02701D76-7AB1-4FDE-A36C-9298959F6177}"
EndProject
Global
	GlobalSection(SolutionConfigurationPlatforms) = preSolution
		Debug|Any CPU = Debug|Any CPU
		Release|Any CPU = Release|Any CPU
	EndGlobalSection
	GlobalSection(SolutionProperties) = preSolution
		HideSolutionNode = FALSE
	EndGlobalSection
	GlobalSection(ProjectConfigurationPlatforms) = postSolution
		{8A32B8DA-641D-42AD-84FE-8066F51CF478}.Debug|Any CPU.ActiveCfg = Debug|Any CPU
		{8A32B8DA-641D-42AD-84FE-8066F51CF478}.Debug|Any CPU.Build.0 = Debug|Any CPU
		{8A32B8DA-641D-42AD-84FE-8066F51CF478}.Release|Any CPU.ActiveCfg = Release|Any CPU
		{8A32B8DA-641D-42AD-84FE-8066F51CF478}.Release|Any CPU.Build.0 = Release|Any CPU
		{BE54422F-E0E4-48CC-AAB9-7666A950C6A8}.Debug|Any CPU.ActiveCfg = Debug|Any CPU
		{BE54422F-E0E4-48CC-AAB9-7666A950C6A8}.Debug|Any CPU.Build.0 = Debug|Any CPU
		{BE54422F-E0E4-48CC-AAB9-7666A950C6A8}.Release|Any CPU.ActiveCfg = Release|Any CPU
		{BE54422F-E0E4-48CC-AAB9-7666A950C6A8}.Release|Any CPU.Build.0 = Release|Any CPU
		{11164B1A-1600-45BA-AA96-FD6A05D9B151}.Debug|Any CPU.ActiveCfg = Debug|Any CPU
		{11164B1A-1600-45BA-AA96-FD6A05D9B151}.Debug|Any CPU.Build.0 = Debug|Any CPU
		{11164B1A-1600-45BA-AA96-FD6A05D9B151}.Release|Any CPU.ActiveCfg = Release|Any CPU
		{11164B1A-1600-45BA-AA96-FD6A05D9B151}.Release|Any CPU.Build.0 = Release|Any CPU
		{A63E0B8E-D5BD-41EC-AB8B-423BC51FCF81}.Debug|Any CPU.ActiveCfg = Debug|Any CPU
		{A63E0B8E-D5BD-41EC-AB8B-423BC51FCF81}.Debug|Any CPU.Build.0 = Debug|Any CPU
		{A63E0B8E-D5BD-41EC-AB8B-423BC51FCF81}.Release|Any CPU.ActiveCfg = Release|Any CPU
		{A63E0B8E-D5BD-41EC-AB8B-423BC51FCF81}.Release|Any CPU.Build.0 = Release|Any CPU
		{02701D76-7AB1-4FDE-A36C-9298959F6177}.Debug|Any CPU.ActiveCfg = Debug|Any CPU
		{02701D76-7AB1-4FDE-A36C-9298959F6177}.Debug|Any CPU.Build.0 = Debug|Any CPU
		{02701D76-7AB1-4FDE-A36C-9298959F6177}.Release|Any CPU.ActiveCfg = Release|Any CPU
		{02701D76-7AB1-4FDE-A36C-9298959F6177}.Release|Any CPU.Build.0 = Release|Any CPU
	EndGlobalSection
EndGlobal
